<?xml version="1.0" encoding="utf-8"?>
<Project ToolsVersion="4.0" xmlns="http://schemas.microsoft.com/developer/msbuild/2003">
  <ItemGroup>
    <Filter Include="Fichiers sources">
      <UniqueIdentifier>{4FC737F1-C7A5-4376-A066-2A32D752A2FF}</UniqueIdentifier>
      <Extensions>cpp;c;cc;cxx;def;odl;idl;hpj;bat;asm;asmx</Extensions>
    </Filter>
    <Filter Include="Fichiers d%27en-tête">
      <UniqueIdentifier>{93995380-89BD-4b04-88EB-625FBE52EBFB}</UniqueIdentifier>
      <Extensions>h;hh;hpp;hxx;hm;inl;inc;xsd</Extensions>
    </Filter>
    <Filter Include="Fichiers de ressources">
      <UniqueIdentifier>{67DA6AB6-F800-4c08-8B7A-83BB121AAD01}</UniqueIdentifier>
      <Extensions>rc;ico;cur;bmp;dlg;rc2;rct;bin;rgs;gif;jpg;jpeg;jpe;resx;tiff;tif;png;wav;mfcribbon-ms</Extensions>
    </Filter>
    <Filter Include="Fichiers d%27en-tête\Capacity">
      <UniqueIdentifier>{0ae8d35d-9e5e-45d6-8a05-4d0dd09fdb01}</UniqueIdentifier>
    </Filter>
    <Filter Include="Fichiers d%27en-tête\Actions">
      <UniqueIdentifier>{d6455026-1e2c-426e-9952-aedbd3457f96}</UniqueIdentifier>
    </Filter>
    <Filter Include="Fichiers d%27en-tête\tools">
      <UniqueIdentifier>{e05feca1-4441-41c8-9c80-7a27f5d7d810}</UniqueIdentifier>
    </Filter>
    <Filter Include="Fichiers d%27en-tête\DecisionTree">
      <UniqueIdentifier>{cffd79f6-0793-489e-903a-16b71a658540}</UniqueIdentifier>
    </Filter>
    <Filter Include="Fichiers d%27en-tête\IA">
      <UniqueIdentifier>{6ebf6fe1-267c-4c99-ad42-8d68831b0f32}</UniqueIdentifier>
    </Filter>
    <Filter Include="Fichiers d%27en-tête\Filters">
      <UniqueIdentifier>{53bc4a83-d5ad-4681-bc50-54b9a032fed6}</UniqueIdentifier>
    </Filter>
    <Filter Include="Fichiers d%27en-tête\Extracteurs">
      <UniqueIdentifier>{8c769ae8-aa11-4ffb-a058-511cfd9f6ed7}</UniqueIdentifier>
    </Filter>
  </ItemGroup>
  <ItemGroup>
    <ClCompile Include="src\AI.cpp">
      <Filter>Fichiers sources</Filter>
    </ClCompile>
    <ClCompile Include="src\Army.cpp">
      <Filter>Fichiers sources</Filter>
    </ClCompile>
    <ClCompile Include="src\battle.cpp">
      <Filter>Fichiers sources</Filter>
    </ClCompile>
    <ClCompile Include="src\main.cpp">
      <Filter>Fichiers sources</Filter>
    </ClCompile>
    <ClCompile Include="src\training.cpp">
      <Filter>Fichiers sources</Filter>
    </ClCompile>
    <ClCompile Include="src\Unit.cpp">
      <Filter>Fichiers sources</Filter>
    </ClCompile>
    <ClCompile Include="src\AI_old.cpp">
      <Filter>Fichiers sources</Filter>
    </ClCompile>
  </ItemGroup>
  <ItemGroup>
    <ClInclude Include="include\Army.hpp">
      <Filter>Fichiers d%27en-tête</Filter>
    </ClInclude>
    <ClInclude Include="include\battle.hpp">
      <Filter>Fichiers d%27en-tête</Filter>
    </ClInclude>
    <ClInclude Include="include\training.hpp">
      <Filter>Fichiers d%27en-tête</Filter>
    </ClInclude>
    <ClInclude Include="include\Unit.hpp">
      <Filter>Fichiers d%27en-tête</Filter>
    </ClInclude>
    <ClInclude Include="include\Point.hpp">
      <Filter>Fichiers d%27en-tête\tools</Filter>
    </ClInclude>
    <ClInclude Include="include\Filters\IFilters.hpp">
      <Filter>Fichiers d%27en-tête\Filters</Filter>
    </ClInclude>
    <ClInclude Include="include\Actions\Action.hpp">
      <Filter>Fichiers d%27en-tête\Actions</Filter>
    </ClInclude>
    <ClInclude Include="include\Actions\EmptyAction.hpp">
      <Filter>Fichiers d%27en-tête\Actions</Filter>
    </ClInclude>
    <ClInclude Include="include\Actions\MoveAction.hpp">
      <Filter>Fichiers d%27en-tête\Actions</Filter>
    </ClInclude>
    <ClInclude Include="include\Actions\ShotAction.hpp">
      <Filter>Fichiers d%27en-tête\Actions</Filter>
    </ClInclude>
    <ClInclude Include="include\Capacity\ArmorCapacity.hpp">
      <Filter>Fichiers d%27en-tête\Capacity</Filter>
    </ClInclude>
    <ClInclude Include="include\Capacity\Capacity.hpp">
      <Filter>Fichiers d%27en-tête\Capacity</Filter>
    </ClInclude>
    <ClInclude Include="include\Capacity\DamageCapacity.hpp">
      <Filter>Fichiers d%27en-tête\Capacity</Filter>
    </ClInclude>
    <ClInclude Include="include\Capacity\FirerateCapacity.hpp">
      <Filter>Fichiers d%27en-tête\Capacity</Filter>
    </ClInclude>
    <ClInclude Include="include\Capacity\LifeCapacity.hpp">
      <Filter>Fichiers d%27en-tête\Capacity</Filter>
    </ClInclude>
    <ClInclude Include="include\Capacity\RangeCapacity.hpp">
      <Filter>Fichiers d%27en-tête\Capacity</Filter>
    </ClInclude>
    <ClInclude Include="include\Capacity\RegenCapacity.hpp">
      <Filter>Fichiers d%27en-tête\Capacity</Filter>
    </ClInclude>
    <ClInclude Include="include\Capacity\SpeedCapacity.hpp">
      <Filter>Fichiers d%27en-tête\Capacity</Filter>
    </ClInclude>
    <ClInclude Include="include\IA\AI.hpp">
      <Filter>Fichiers d%27en-tête\IA</Filter>
    </ClInclude>
    <ClInclude Include="include\IA\TreeIA.hpp">
      <Filter>Fichiers d%27en-tête\IA</Filter>
    </ClInclude>
    <ClInclude Include="include\configs.hpp">
      <Filter>Fichiers d%27en-tête</Filter>
    </ClInclude>
    <ClInclude Include="include\Extractors\Extractor.hpp">
      <Filter>Fichiers d%27en-tête\Extracteurs</Filter>
    </ClInclude>
    <ClInclude Include="include\Extractors\ExtractorArmy.hpp">
      <Filter>Fichiers d%27en-tête\Extracteurs</Filter>
    </ClInclude>
    <ClInclude Include="include\Extractors\ExtractorBuilder.hpp">
      <Filter>Fichiers d%27en-tête\Extracteurs</Filter>
    </ClInclude>
    <ClInclude Include="include\Extractors\ExtractorPoint.hpp">
      <Filter>Fichiers d%27en-tête\Extracteurs</Filter>
    </ClInclude>
    <ClInclude Include="include\Extractors\ExtractorUnit.hpp">
      <Filter>Fichiers d%27en-tête\Extracteurs</Filter>
    </ClInclude>
    <ClInclude Include="include\Extractors\ExtractorValue.hpp">
      <Filter>Fichiers d%27en-tête\Extracteurs</Filter>
    </ClInclude>
    <ClInclude Include="include\IA\AI_old.hpp">
      <Filter>Fichiers d%27en-tête\IA</Filter>
    </ClInclude>
    <ClInclude Include="include\ActionNode.hpp">
      <Filter>Fichiers d%27en-tête\DecisionTree</Filter>
    </ClInclude>
    <ClInclude Include="include\NodeBuilder.hpp">
      <Filter>Fichiers d%27en-tête\DecisionTree</Filter>
    </ClInclude>
    <ClInclude Include="include\DecisionNode.hpp">
      <Filter>Fichiers d%27en-tête\DecisionTree</Filter>
    </ClInclude>
    <ClInclude Include="include\IA\IACodeGenerator.hpp">
      <Filter>Fichiers d%27en-tête\IA</Filter>
    </ClInclude>
    <ClInclude Include="include\IAGetterCode.hpp">
      <Filter>Fichiers d%27en-tête\Extracteurs</Filter>
    </ClInclude>
    <ClInclude Include="include\INode.hpp">
      <Filter>Fichiers d%27en-tête\DecisionTree</Filter>
    </ClInclude>
  </ItemGroup>
</Project>